{
    "_readme": [
        "This file locks the dependencies of your project to a known state",
        "Read more about it at https://getcomposer.org/doc/01-basic-usage.md#installing-dependencies",
        "This file is @generated automatically"
    ],
    "content-hash": "ccf350840f6caf4785ff785afa461173",
    "packages": [
        {
            "name": "elasticsearch/elasticsearch",
            "version": "v6.8.2",
            "source": {
                "type": "git",
                "url": "https://github.com/elastic/elasticsearch-php.git",
                "reference": "619c78266999c6e431df9ca0f844e8f656ac145b"
            },
            "dist": {
                "type": "zip",
                "url": "https://api.github.com/repos/elastic/elasticsearch-php/zipball/619c78266999c6e431df9ca0f844e8f656ac145b",
                "reference": "619c78266999c6e431df9ca0f844e8f656ac145b",
                "shasum": ""
            },
            "require": {
                "ext-json": ">=1.3.7",
                "ezimuel/ringphp": "^1.1.2",
                "php": "^7.3 || ^8.0",
                "psr/log": "~1.0"
            },
            "require-dev": {
                "doctrine/inflector": "^1.3",
                "mockery/mockery": "^1.2",
                "phpstan/phpstan": "^0.12",
                "phpunit/phpunit": "^9.3",
                "squizlabs/php_codesniffer": "^3.4",
                "symfony/finder": "~4.0",
                "symfony/yaml": "~4.0",
                "symplify/git-wrapper": ">=9.0 <9.3.27"
            },
            "suggest": {
                "ext-curl": "*",
                "monolog/monolog": "Allows for client-level logging and tracing"
            },
            "type": "library",
            "autoload": {
                "files": [
                    "src/autoload.php"
                ],
                "psr-4": {
                    "Elasticsearch\\": "src/Elasticsearch/"
                }
            },
            "notification-url": "https://packagist.org/downloads/",
            "license": [
                "Apache-2.0"
            ],
            "authors": [
                {
                    "name": "Zachary Tong"
                },
                {
                    "name": "Enrico Zimuel"
                }
            ],
            "description": "PHP Client for Elasticsearch",
            "keywords": [
                "client",
                "elasticsearch",
                "search"
            ],
            "support": {
                "issues": "https://github.com/elastic/elasticsearch-php/issues",
                "source": "https://github.com/elastic/elasticsearch-php/tree/v6.8.2"
            },
            "time": "2021-07-14T14:41:55+00:00"
        },
        {
            "name": "ezimuel/guzzlestreams",
            "version": "3.0.1",
            "source": {
                "type": "git",
                "url": "https://github.com/ezimuel/guzzlestreams.git",
                "reference": "abe3791d231167f14eb80d413420d1eab91163a8"
            },
            "dist": {
                "type": "zip",
                "url": "https://api.github.com/repos/ezimuel/guzzlestreams/zipball/abe3791d231167f14eb80d413420d1eab91163a8",
                "reference": "abe3791d231167f14eb80d413420d1eab91163a8",
                "shasum": ""
            },
            "require": {
                "php": ">=5.4.0"
            },
            "require-dev": {
                "phpunit/phpunit": "~4.0"
            },
            "type": "library",
            "extra": {
                "branch-alias": {
                    "dev-master": "3.0-dev"
                }
            },
            "autoload": {
                "psr-4": {
                    "GuzzleHttp\\Stream\\": "src/"
                }
            },
            "notification-url": "https://packagist.org/downloads/",
            "license": [
                "MIT"
            ],
            "authors": [
                {
                    "name": "Michael Dowling",
                    "email": "mtdowling@gmail.com",
                    "homepage": "https://github.com/mtdowling"
                }
            ],
            "description": "Fork of guzzle/streams (abandoned) to be used with elasticsearch-php",
            "homepage": "http://guzzlephp.org/",
            "keywords": [
                "Guzzle",
                "stream"
            ],
            "support": {
                "source": "https://github.com/ezimuel/guzzlestreams/tree/3.0.1"
            },
            "time": "2020-02-14T23:11:50+00:00"
        },
        {
            "name": "ezimuel/ringphp",
            "version": "1.2.0",
            "source": {
                "type": "git",
                "url": "https://github.com/ezimuel/ringphp.git",
                "reference": "92b8161404ab1ad84059ebed41d9f757e897ce74"
            },
            "dist": {
                "type": "zip",
                "url": "https://api.github.com/repos/ezimuel/ringphp/zipball/92b8161404ab1ad84059ebed41d9f757e897ce74",
                "reference": "92b8161404ab1ad84059ebed41d9f757e897ce74",
                "shasum": ""
            },
            "require": {
                "ezimuel/guzzlestreams": "^3.0.1",
                "php": ">=5.4.0",
                "react/promise": "~2.0"
            },
            "replace": {
                "guzzlehttp/ringphp": "self.version"
            },
            "require-dev": {
                "ext-curl": "*",
                "phpunit/phpunit": "~9.0"
            },
            "suggest": {
                "ext-curl": "Guzzle will use specific adapters if cURL is present"
            },
            "type": "library",
            "extra": {
                "branch-alias": {
                    "dev-master": "1.1-dev"
                }
            },
            "autoload": {
                "psr-4": {
                    "GuzzleHttp\\Ring\\": "src/"
                }
            },
            "notification-url": "https://packagist.org/downloads/",
            "license": [
                "MIT"
            ],
            "authors": [
                {
                    "name": "Michael Dowling",
                    "email": "mtdowling@gmail.com",
                    "homepage": "https://github.com/mtdowling"
                }
            ],
            "description": "Fork of guzzle/RingPHP (abandoned) to be used with elasticsearch-php",
            "support": {
                "source": "https://github.com/ezimuel/ringphp/tree/1.2.0"
            },
            "time": "2021-11-16T11:51:30+00:00"
        },
        {
            "name": "psr/log",
            "version": "1.1.4",
            "source": {
                "type": "git",
                "url": "https://github.com/php-fig/log.git",
                "reference": "d49695b909c3b7628b6289db5479a1c204601f11"
            },
            "dist": {
                "type": "zip",
                "url": "https://api.github.com/repos/php-fig/log/zipball/d49695b909c3b7628b6289db5479a1c204601f11",
                "reference": "d49695b909c3b7628b6289db5479a1c204601f11",
                "shasum": ""
            },
            "require": {
                "php": ">=5.3.0"
            },
            "type": "library",
            "extra": {
                "branch-alias": {
                    "dev-master": "1.1.x-dev"
                }
            },
            "autoload": {
                "psr-4": {
                    "Psr\\Log\\": "Psr/Log/"
                }
            },
            "notification-url": "https://packagist.org/downloads/",
            "license": [
                "MIT"
            ],
            "authors": [
                {
                    "name": "PHP-FIG",
                    "homepage": "https://www.php-fig.org/"
                }
            ],
            "description": "Common interface for logging libraries",
            "homepage": "https://github.com/php-fig/log",
            "keywords": [
                "log",
                "psr",
                "psr-3"
            ],
            "support": {
                "source": "https://github.com/php-fig/log/tree/1.1.4"
            },
            "time": "2021-05-03T11:20:27+00:00"
        },
        {
            "name": "react/promise",
            "version": "v2.9.0",
            "source": {
                "type": "git",
                "url": "https://github.com/reactphp/promise.git",
                "reference": "234f8fd1023c9158e2314fa9d7d0e6a83db42910"
            },
            "dist": {
                "type": "zip",
                "url": "https://api.github.com/repos/reactphp/promise/zipball/234f8fd1023c9158e2314fa9d7d0e6a83db42910",
                "reference": "234f8fd1023c9158e2314fa9d7d0e6a83db42910",
                "shasum": ""
            },
            "require": {
                "php": ">=5.4.0"
            },
            "require-dev": {
                "phpunit/phpunit": "^9.3 || ^5.7 || ^4.8.36"
            },
            "type": "library",
            "autoload": {
                "files": [
                    "src/functions_include.php"
                ],
                "psr-4": {
                    "React\\Promise\\": "src/"
                }
            },
            "notification-url": "https://packagist.org/downloads/",
            "license": [
                "MIT"
            ],
            "authors": [
                {
                    "name": "Jan Sorgalla",
                    "email": "jsorgalla@gmail.com",
                    "homepage": "https://sorgalla.com/"
                },
                {
                    "name": "Christian Lück",
                    "email": "christian@clue.engineering",
                    "homepage": "https://clue.engineering/"
                },
                {
                    "name": "Cees-Jan Kiewiet",
                    "email": "reactphp@ceesjankiewiet.nl",
                    "homepage": "https://wyrihaximus.net/"
                },
                {
                    "name": "Chris Boden",
                    "email": "cboden@gmail.com",
                    "homepage": "https://cboden.dev/"
                }
            ],
            "description": "A lightweight implementation of CommonJS Promises/A for PHP",
            "keywords": [
                "promise",
                "promises"
            ],
            "support": {
                "issues": "https://github.com/reactphp/promise/issues",
                "source": "https://github.com/reactphp/promise/tree/v2.9.0"
            },
            "funding": [
                {
                    "url": "https://github.com/WyriHaximus",
                    "type": "github"
                },
                {
                    "url": "https://github.com/clue",
                    "type": "github"
                }
            ],
            "time": "2022-02-11T10:27:51+00:00"
        }
    ],
    "packages-dev": [
        {
            "name": "mikey179/vfsstream",
            "version": "v1.1.0",
            "source": {
                "type": "git",
                "url": "https://github.com/bovigo/vfsStream.git",
                "reference": "fc0fe8f4d0b527254a2dc45f0c265567c881d07e"
            },
            "dist": {
                "type": "zip",
                "url": "https://api.github.com/repos/bovigo/vfsStream/zipball/fc0fe8f4d0b527254a2dc45f0c265567c881d07e",
                "reference": "fc0fe8f4d0b527254a2dc45f0c265567c881d07e",
                "shasum": ""
            },
            "require": {
                "php": ">=5.3.0"
            },
            "type": "library",
            "autoload": {
                "psr-0": {
                    "org\\bovigo\\vfs": "src/main/php"
                }
            },
            "notification-url": "https://packagist.org/downloads/",
            "license": [
                "BSD"
            ],
            "homepage": "http://vfs.bovigo.org/",
            "support": {
                "issues": "https://github.com/bovigo/vfsStream/issues",
                "source": "https://github.com/bovigo/vfsStream/tree/v1.1.0"
            },
            "time": "2012-08-25T12:49:29+00:00"
        }
    ],
    "aliases": [],
    "minimum-stability": "stable",
    "stability-flags": [],
    "prefer-stable": false,
    "prefer-lowest": false,
    "platform": {
        "php": ">=5.2.4"
    },
    "platform-dev": [],
    "plugin-api-version": "2.3.0"
}
